
Microsoft Visual Studio Solution File, Format Version 12.00
# Visual Studio 15
VisualStudioVersion = 15.0.26124.0
MinimumVisualStudioVersion = 15.0.26124.0
Project("{FAE04EC0-301F-11D3-BF4B-00C04F79EFBC}") = "nova", "nova\nova.csproj", "{01645BC2-2367-48FD-ABAF-B03985495E4A}"
EndProject
Project("{FAE04EC0-301F-11D3-BF4B-00C04F79EFBC}") = "NovaLib", "NovaLib\NovaLib.csproj", "{5CCB0B76-88E6-41C2-BDAD-5FCA27EEDCA7}"
EndProject
Global
	GlobalSection(SolutionConfigurationPlatforms) = preSolution
		Debug|Any CPU = Debug|Any CPU
		Debug|x64 = Debug|x64
		Debug|x86 = Debug|x86
		Release|Any CPU = Release|Any CPU
		Release|x64 = Release|x64
		Release|x86 = Release|x86
	EndGlobalSection
	GlobalSection(SolutionProperties) = preSolution
		HideSolutionNode = FALSE
	EndGlobalSection
	GlobalSection(ProjectConfigurationPlatforms) = postSolution
		{01645BC2-2367-48FD-ABAF-B03985495E4A}.Debug|Any CPU.ActiveCfg = Debug|Any CPU
		{01645BC2-2367-48FD-ABAF-B03985495E4A}.Debug|Any CPU.Build.0 = Debug|Any CPU
		{01645BC2-2367-48FD-ABAF-B03985495E4A}.Debug|x64.ActiveCfg = Debug|Any CPU
		{01645BC2-2367-48FD-ABAF-B03985495E4A}.Debug|x64.Build.0 = Debug|Any CPU
		{01645BC2-2367-48FD-ABAF-B03985495E4A}.Debug|x86.ActiveCfg = Debug|Any CPU
		{01645BC2-2367-48FD-ABAF-B03985495E4A}.Debug|x86.Build.0 = Debug|Any CPU
		{01645BC2-2367-48FD-ABAF-B03985495E4A}.Release|Any CPU.ActiveCfg = Release|Any CPU
		{01645BC2-2367-48FD-ABAF-B03985495E4A}.Release|Any CPU.Build.0 = Release|Any CPU
		{01645BC2-2367-48FD-ABAF-B03985495E4A}.Release|x64.ActiveCfg = Release|Any CPU
		{01645BC2-2367-48FD-ABAF-B03985495E4A}.Release|x64.Build.0 = Release|Any CPU
		{01645BC2-2367-48FD-ABAF-B03985495E4A}.Release|x86.ActiveCfg = Release|Any CPU
		{01645BC2-2367-48FD-ABAF-B03985495E4A}.Release|x86.Build.0 = Release|Any CPU
		{5CCB0B76-88E6-41C2-BDAD-5FCA27EEDCA7}.Debug|Any CPU.ActiveCfg = Debug|Any CPU
		{5CCB0B76-88E6-41C2-BDAD-5FCA27EEDCA7}.Debug|Any CPU.Build.0 = Debug|Any CPU
		{5CCB0B76-88E6-41C2-BDAD-5FCA27EEDCA7}.Debug|x64.ActiveCfg = Debug|Any CPU
		{5CCB0B76-88E6-41C2-BDAD-5FCA27EEDCA7}.Debug|x64.Build.0 = Debug|Any CPU
		{5CCB0B76-88E6-41C2-BDAD-5FCA27EEDCA7}.Debug|x86.ActiveCfg = Debug|Any CPU
		{5CCB0B76-88E6-41C2-BDAD-5FCA27EEDCA7}.Debug|x86.Build.0 = Debug|Any CPU
		{5CCB0B76-88E6-41C2-BDAD-5FCA27EEDCA7}.Release|Any CPU.ActiveCfg = Release|Any CPU
		{5CCB0B76-88E6-41C2-BDAD-5FCA27EEDCA7}.Release|Any CPU.Build.0 = Release|Any CPU
		{5CCB0B76-88E6-41C2-BDAD-5FCA27EEDCA7}.Release|x64.ActiveCfg = Release|Any CPU
		{5CCB0B76-88E6-41C2-BDAD-5FCA27EEDCA7}.Release|x64.Build.0 = Release|Any CPU
		{5CCB0B76-88E6-41C2-BDAD-5FCA27EEDCA7}.Release|x86.ActiveCfg = Release|Any CPU
		{5CCB0B76-88E6-41C2-BDAD-5FCA27EEDCA7}.Release|x86.Build.0 = Release|Any CPU
	EndGlobalSection
EndGlobal
